// !$*UTF8*$!
{
	archiveVersion = 1;
	classes = {
	};
	objectVersion = 46;
	objects = {

/* Begin PBXBuildFile section */
		621D35E14974EDB4446DE2FE /* libPods-TongjiSchoolBus.a in Frameworks */ = {isa = PBXBuildFile; fileRef = B290DDDEF18C003DC5C3DF39 /* libPods-TongjiSchoolBus.a */; };
		8C03E4851DEFEE81004B9E36 /* BusListTableViewController.m in Sources */ = {isa = PBXBuildFile; fileRef = 8C03E4841DEFEE81004B9E36 /* BusListTableViewController.m */; };
		8C03E4881DEFF414004B9E36 /* BusListTableViewCell.m in Sources */ = {isa = PBXBuildFile; fileRef = 8C03E4871DEFF414004B9E36 /* BusListTableViewCell.m */; };
		8C4522441DDC0D9800163773 /* ProfileViewController.m in Sources */ = {isa = PBXBuildFile; fileRef = 8C4522431DDC0D9800163773 /* ProfileViewController.m */; };
		8C4522471DDC1EE100163773 /* PersonInfo.m in Sources */ = {isa = PBXBuildFile; fileRef = 8C4522461DDC1EE100163773 /* PersonInfo.m */; };
		8C45224A1DDECAD900163773 /* OrderApi.m in Sources */ = {isa = PBXBuildFile; fileRef = 8C4522491DDECAD900163773 /* OrderApi.m */; };
		8C8C5A291DD2E91F001EAA16 /* main.m in Sources */ = {isa = PBXBuildFile; fileRef = 8C8C5A281DD2E91F001EAA16 /* main.m */; };
		8C8C5A2C1DD2E91F001EAA16 /* AppDelegate.m in Sources */ = {isa = PBXBuildFile; fileRef = 8C8C5A2B1DD2E91F001EAA16 /* AppDelegate.m */; };
		8C8C5A341DD2E91F001EAA16 /* Assets.xcassets in Resources */ = {isa = PBXBuildFile; fileRef = 8C8C5A331DD2E91F001EAA16 /* Assets.xcassets */; };
		8C8C5A401DD2EC46001EAA16 /* HomeViewController.m in Sources */ = {isa = PBXBuildFile; fileRef = 8C8C5A3F1DD2EC46001EAA16 /* HomeViewController.m */; };
		8C8C5A421DD2ED5B001EAA16 /* Default-568h@2x.png in Resources */ = {isa = PBXBuildFile; fileRef = 8C8C5A411DD2ED5B001EAA16 /* Default-568h@2x.png */; };
/* End PBXBuildFile section */

/* Begin PBXFileReference section */
		8C03E4831DEFEE81004B9E36 /* BusListTableViewController.h */ = {isa = PBXFileReference; fileEncoding = 4; lastKnownFileType = sourcecode.c.h; path = BusListTableViewController.h; sourceTree = "<group>"; };
		8C03E4841DEFEE81004B9E36 /* BusListTableViewController.m */ = {isa = PBXFileReference; fileEncoding = 4; lastKnownFileType = sourcecode.c.objc; path = BusListTableViewController.m; sourceTree = "<group>"; };
		8C03E4861DEFF414004B9E36 /* BusListTableViewCell.h */ = {isa = PBXFileReference; fileEncoding = 4; lastKnownFileType = sourcecode.c.h; path = BusListTableViewCell.h; sourceTree = "<group>"; };
		8C03E4871DEFF414004B9E36 /* BusListTableViewCell.m */ = {isa = PBXFileReference; fileEncoding = 4; lastKnownFileType = sourcecode.c.objc; path = BusListTableViewCell.m; sourceTree = "<group>"; };
		8C4522421DDC0D9800163773 /* ProfileViewController.h */ = {isa = PBXFileReference; fileEncoding = 4; lastKnownFileType = sourcecode.c.h; path = ProfileViewController.h; sourceTree = "<group>"; };
		8C4522431DDC0D9800163773 /* ProfileViewController.m */ = {isa = PBXFileReference; fileEncoding = 4; lastKnownFileType = sourcecode.c.objc; path = ProfileViewController.m; sourceTree = "<group>"; };
		8C4522451DDC1EE100163773 /* PersonInfo.h */ = {isa = PBXFileReference; fileEncoding = 4; lastKnownFileType = sourcecode.c.h; path = PersonInfo.h; sourceTree = "<group>"; };
		8C4522461DDC1EE100163773 /* PersonInfo.m */ = {isa = PBXFileReference; fileEncoding = 4; lastKnownFileType = sourcecode.c.objc; path = PersonInfo.m; sourceTree = "<group>"; };
		8C4522481DDECAD900163773 /* OrderApi.h */ = {isa = PBXFileReference; fileEncoding = 4; lastKnownFileType = sourcecode.c.h; path = OrderApi.h; sourceTree = "<group>"; };
		8C4522491DDECAD900163773 /* OrderApi.m */ = {isa = PBXFileReference; fileEncoding = 4; lastKnownFileType = sourcecode.c.objc; path = OrderApi.m; sourceTree = "<group>"; };
		8C8C5A241DD2E91F001EAA16 /* TongjiSchoolBus.app */ = {isa = PBXFileReference; explicitFileType = wrapper.application; includeInIndex = 0; path = TongjiSchoolBus.app; sourceTree = BUILT_PRODUCTS_DIR; };
		8C8C5A281DD2E91F001EAA16 /* main.m */ = {isa = PBXFileReference; lastKnownFileType = sourcecode.c.objc; path = main.m; sourceTree = "<group>"; };
		8C8C5A2A1DD2E91F001EAA16 /* AppDelegate.h */ = {isa = PBXFileReference; lastKnownFileType = sourcecode.c.h; path = AppDelegate.h; sourceTree = "<group>"; };
		8C8C5A2B1DD2E91F001EAA16 /* AppDelegate.m */ = {isa = PBXFileReference; lastKnownFileType = sourcecode.c.objc; path = AppDelegate.m; sourceTree = "<group>"; };
		8C8C5A331DD2E91F001EAA16 /* Assets.xcassets */ = {isa = PBXFileReference; lastKnownFileType = folder.assetcatalog; path = Assets.xcassets; sourceTree = "<group>"; };
		8C8C5A381DD2E91F001EAA16 /* Info.plist */ = {isa = PBXFileReference; lastKnownFileType = text.plist.xml; path = Info.plist; sourceTree = "<group>"; };
		8C8C5A3E1DD2EC46001EAA16 /* HomeViewController.h */ = {isa = PBXFileReference; fileEncoding = 4; lastKnownFileType = sourcecode.c.h; path = HomeViewController.h; sourceTree = "<group>"; };
		8C8C5A3F1DD2EC46001EAA16 /* HomeViewController.m */ = {isa = PBXFileReference; fileEncoding = 4; lastKnownFileType = sourcecode.c.objc; path = HomeViewController.m; sourceTree = "<group>"; };
		8C8C5A411DD2ED5B001EAA16 /* Default-568h@2x.png */ = {isa = PBXFileReference; lastKnownFileType = image.png; path = "Default-568h@2x.png"; sourceTree = "<group>"; };
		B290DDDEF18C003DC5C3DF39 /* libPods-TongjiSchoolBus.a */ = {isa = PBXFileReference; explicitFileType = archive.ar; includeInIndex = 0; path = "libPods-TongjiSchoolBus.a"; sourceTree = BUILT_PRODUCTS_DIR; };
		D9BD94547AFC2169F2BB1C50 /* Pods-TongjiSchoolBus.debug.xcconfig */ = {isa = PBXFileReference; includeInIndex = 1; lastKnownFileType = text.xcconfig; name = "Pods-TongjiSchoolBus.debug.xcconfig"; path = "Pods/Target Support Files/Pods-TongjiSchoolBus/Pods-TongjiSchoolBus.debug.xcconfig"; sourceTree = "<group>"; };
		FDE48518217CC528440637BE /* Pods-TongjiSchoolBus.release.xcconfig */ = {isa = PBXFileReference; includeInIndex = 1; lastKnownFileType = text.xcconfig; name = "Pods-TongjiSchoolBus.release.xcconfig"; path = "Pods/Target Support Files/Pods-TongjiSchoolBus/Pods-TongjiSchoolBus.release.xcconfig"; sourceTree = "<group>"; };
/* End PBXFileReference section */

/* Begin PBXFrameworksBuildPhase section */
		8C8C5A211DD2E91E001EAA16 /* Frameworks */ = {
			isa = PBXFrameworksBuildPhase;
			buildActionMask = 2147483647;
			files = (
				621D35E14974EDB4446DE2FE /* libPods-TongjiSchoolBus.a in Frameworks */,
			);
			runOnlyForDeploymentPostprocessing = 0;
		};
/* End PBXFrameworksBuildPhase section */

/* Begin PBXGroup section */
		7FEA8FEEFE0F0AE954F33747 /* Pods */ = {
			isa = PBXGroup;
			children = (
				D9BD94547AFC2169F2BB1C50 /* Pods-TongjiSchoolBus.debug.xcconfig */,
				FDE48518217CC528440637BE /* Pods-TongjiSchoolBus.release.xcconfig */,
			);
			name = Pods;
			sourceTree = "<group>";
		};
		8C8C5A1B1DD2E91E001EAA16 = {
			isa = PBXGroup;
			children = (
				8C8C5A411DD2ED5B001EAA16 /* Default-568h@2x.png */,
				8C8C5A261DD2E91F001EAA16 /* TongjiSchoolBus */,
				8C8C5A251DD2E91F001EAA16 /* Products */,
				7FEA8FEEFE0F0AE954F33747 /* Pods */,
				A3E0EAD996B9C5C35ECBCBA3 /* Frameworks */,
			);
			sourceTree = "<group>";
		};
		8C8C5A251DD2E91F001EAA16 /* Products */ = {
			isa = PBXGroup;
			children = (
				8C8C5A241DD2E91F001EAA16 /* TongjiSchoolBus.app */,
			);
			name = Products;
			sourceTree = "<group>";
		};
		8C8C5A261DD2E91F001EAA16 /* TongjiSchoolBus */ = {
			isa = PBXGroup;
			children = (
				8C8C5A2A1DD2E91F001EAA16 /* AppDelegate.h */,
				8C8C5A2B1DD2E91F001EAA16 /* AppDelegate.m */,
				8C8C5A3E1DD2EC46001EAA16 /* HomeViewController.h */,
				8C8C5A3F1DD2EC46001EAA16 /* HomeViewController.m */,
				8C8C5A331DD2E91F001EAA16 /* Assets.xcassets */,
				8C8C5A381DD2E91F001EAA16 /* Info.plist */,
				8C8C5A271DD2E91F001EAA16 /* Supporting Files */,
				8C4522421DDC0D9800163773 /* ProfileViewController.h */,
				8C4522431DDC0D9800163773 /* ProfileViewController.m */,
				8C4522451DDC1EE100163773 /* PersonInfo.h */,
				8C4522461DDC1EE100163773 /* PersonInfo.m */,
				8C4522481DDECAD900163773 /* OrderApi.h */,
				8C4522491DDECAD900163773 /* OrderApi.m */,
				8C03E4831DEFEE81004B9E36 /* BusListTableViewController.h */,
				8C03E4841DEFEE81004B9E36 /* BusListTableViewController.m */,
				8C03E4861DEFF414004B9E36 /* BusListTableViewCell.h */,
				8C03E4871DEFF414004B9E36 /* BusListTableViewCell.m */,
			);
			path = TongjiSchoolBus;
			sourceTree = "<group>";
		};
		8C8C5A271DD2E91F001EAA16 /* Supporting Files */ = {
			isa = PBXGroup;
			children = (
				8C8C5A281DD2E91F001EAA16 /* main.m */,
			);
			name = "Supporting Files";
			sourceTree = "<group>";
		};
		A3E0EAD996B9C5C35ECBCBA3 /* Frameworks */ = {
			isa = PBXGroup;
			children = (
				B290DDDEF18C003DC5C3DF39 /* libPods-TongjiSchoolBus.a */,
			);
			name = Frameworks;
			sourceTree = "<group>";
		};
/* End PBXGroup section */

/* Begin PBXNativeTarget section */
		8C8C5A231DD2E91E001EAA16 /* TongjiSchoolBus */ = {
			isa = PBXNativeTarget;
			buildConfigurationList = 8C8C5A3B1DD2E91F001EAA16 /* Build configuration list for PBXNativeTarget "TongjiSchoolBus" */;
			buildPhases = (
				AF87ABC14A1CDA147149246C /* 📦 Check Pods Manifest.lock */,
				8C8C5A201DD2E91E001EAA16 /* Sources */,
				8C8C5A211DD2E91E001EAA16 /* Frameworks */,
				8C8C5A221DD2E91E001EAA16 /* Resources */,
				119ACABD07CA7CC84E2F8BD3 /* 📦 Embed Pods Frameworks */,
				517B31519E8FC995399A9585 /* 📦 Copy Pods Resources */,
			);
			buildRules = (
			);
			dependencies = (
			);
			name = TongjiSchoolBus;
			productName = TongjiSchoolBus;
			productReference = 8C8C5A241DD2E91F001EAA16 /* TongjiSchoolBus.app */;
			productType = "com.apple.product-type.application";
		};
/* End PBXNativeTarget section */

/* Begin PBXProject section */
		8C8C5A1C1DD2E91E001EAA16 /* Project object */ = {
			isa = PBXProject;
			attributes = {
				LastUpgradeCheck = 0800;
				ORGANIZATIONNAME = Leppard;
				TargetAttributes = {
					8C8C5A231DD2E91E001EAA16 = {
						CreatedOnToolsVersion = 8.0;
						ProvisioningStyle = Automatic;
					};
				};
			};
			buildConfigurationList = 8C8C5A1F1DD2E91E001EAA16 /* Build configuration list for PBXProject "TongjiSchoolBus" */;
			compatibilityVersion = "Xcode 3.2";
			developmentRegion = English;
			hasScannedForEncodings = 0;
			knownRegions = (
				en,
				Base,
			);
			mainGroup = 8C8C5A1B1DD2E91E001EAA16;
			productRefGroup = 8C8C5A251DD2E91F001EAA16 /* Products */;
			projectDirPath = "";
			projectRoot = "";
			targets = (
				8C8C5A231DD2E91E001EAA16 /* TongjiSchoolBus */,
			);
		};
/* End PBXProject section */

/* Begin PBXResourcesBuildPhase section */
		8C8C5A221DD2E91E001EAA16 /* Resources */ = {
			isa = PBXResourcesBuildPhase;
			buildActionMask = 2147483647;
			files = (
				8C8C5A341DD2E91F001EAA16 /* Assets.xcassets in Resources */,
				8C8C5A421DD2ED5B001EAA16 /* Default-568h@2x.png in Resources */,
			);
			runOnlyForDeploymentPostprocessing = 0;
		};
/* End PBXResourcesBuildPhase section */

/* Begin PBXShellScriptBuildPhase section */
		119ACABD07CA7CC84E2F8BD3 /* 📦 Embed Pods Frameworks */ = {
			isa = PBXShellScriptBuildPhase;
			buildActionMask = 2147483647;
			files = (
			);
			inputPaths = (
			);
			name = "📦 Embed Pods Frameworks";
			outputPaths = (
			);
			runOnlyForDeploymentPostprocessing = 0;
			shellPath = /bin/sh;
			shellScript = "\"${SRCROOT}/Pods/Target Support Files/Pods-TongjiSchoolBus/Pods-TongjiSchoolBus-frameworks.sh\"\n";
			showEnvVarsInLog = 0;
		};
		517B31519E8FC995399A9585 /* 📦 Copy Pods Resources */ = {
			isa = PBXShellScriptBuildPhase;
			buildActionMask = 2147483647;
			files = (
			);
			inputPaths = (
			);
			name = "📦 Copy Pods Resources";
			outputPaths = (
			);
			runOnlyForDeploymentPostprocessing = 0;
			shellPath = /bin/sh;
			shellScript = "\"${SRCROOT}/Pods/Target Support Files/Pods-TongjiSchoolBus/Pods-TongjiSchoolBus-resources.sh\"\n";
			showEnvVarsInLog = 0;
		};
		AF87ABC14A1CDA147149246C /* 📦 Check Pods Manifest.lock */ = {
			isa = PBXShellScriptBuildPhase;
			buildActionMask = 2147483647;
			files = (
			);
			inputPaths = (
			);
			name = "📦 Check Pods Manifest.lock";
			outputPaths = (
			);
			runOnlyForDeploymentPostprocessing = 0;
			shellPath = /bin/sh;
			shellScript = "diff \"${PODS_ROOT}/../Podfile.lock\" \"${PODS_ROOT}/Manifest.lock\" > /dev/null\nif [[ $? != 0 ]] ; then\n    cat << EOM\nerror: The sandbox is not in sync with the Podfile.lock. Run 'pod install' or update your CocoaPods installation.\nEOM\n    exit 1\nfi\n";
			showEnvVarsInLog = 0;
		};
/* End PBXShellScriptBuildPhase section */

/* Begin PBXSourcesBuildPhase section */
		8C8C5A201DD2E91E001EAA16 /* Sources */ = {
			isa = PBXSourcesBuildPhase;
			buildActionMask = 2147483647;
			files = (
				8C8C5A2C1DD2E91F001EAA16 /* AppDelegate.m in Sources */,
				8C45224A1DDECAD900163773 /* OrderApi.m in Sources */,
				8C03E4881DEFF414004B9E36 /* BusListTableViewCell.m in Sources */,
				8C8C5A291DD2E91F001EAA16 /* main.m in Sources */,
				8C4522441DDC0D9800163773 /* ProfileViewController.m in Sources */,
				8C4522471DDC1EE100163773 /* PersonInfo.m in Sources */,
				8C03E4851DEFEE81004B9E36 /* BusListTableViewController.m in Sources */,
				8C8C5A401DD2EC46001EAA16 /* HomeViewController.m in Sources */,
			);
			runOnlyForDeploymentPostprocessing = 0;
		};
/* End PBXSourcesBuildPhase section */

/* Begin XCBuildConfiguration section */
		8C8C5A391DD2E91F001EAA16 /* Debug */ = {
			isa = XCBuildConfiguration;
			buildSettings = {
				ALWAYS_SEARCH_USER_PATHS = NO;
				CLANG_ANALYZER_NONNULL = YES;
				CLANG_CXX_LANGUAGE_STANDARD = "gnu++0x";
				CLANG_CXX_LIBRARY = "libc++";
				CLANG_ENABLE_MODULES = YES;
				CLANG_ENABLE_OBJC_ARC = YES;
				CLANG_WARN_BOOL_CONVERSION = YES;
				CLANG_WARN_CONSTANT_CONVERSION = YES;
				CLANG_WARN_DIRECT_OBJC_ISA_USAGE = YES_ERROR;
				CLANG_WARN_DOCUMENTATION_COMMENTS = YES;
				CLANG_WARN_EMPTY_BODY = YES;
				CLANG_WARN_ENUM_CONVERSION = YES;
				CLANG_WARN_INFINITE_RECURSION = YES;
				CLANG_WARN_INT_CONVERSION = YES;
				CLANG_WARN_OBJC_ROOT_CLASS = YES_ERROR;
				CLANG_WARN_SUSPICIOUS_MOVES = YES;
				CLANG_WARN_UNREACHABLE_CODE = YES;
				CLANG_WARN__DUPLICATE_METHOD_MATCH = YES;
				"CODE_SIGN_IDENTITY[sdk=iphoneos*]" = "iPhone Developer";
				COPY_PHASE_STRIP = NO;
				DEBUG_INFORMATION_FORMAT = dwarf;
				ENABLE_STRICT_OBJC_MSGSEND = YES;
				ENABLE_TESTABILITY = YES;
				GCC_C_LANGUAGE_STANDARD = gnu99;
				GCC_DYNAMIC_NO_PIC = NO;
				GCC_NO_COMMON_BLOCKS = YES;
				GCC_OPTIMIZATION_LEVEL = 0;
				GCC_PREPROCESSOR_DEFINITIONS = (
					"DEBUG=1",
					"$(inherited)",
				);
				GCC_WARN_64_TO_32_BIT_CONVERSION = YES;
				GCC_WARN_ABOUT_RETURN_TYPE = YES_ERROR;
				GCC_WARN_UNDECLARED_SELECTOR = YES;
				GCC_WARN_UNINITIALIZED_AUTOS = YES_AGGRESSIVE;
				GCC_WARN_UNUSED_FUNCTION = YES;
				GCC_WARN_UNUSED_VARIABLE = YES;
				IPHONEOS_DEPLOYMENT_TARGET = 10.0;
				MTL_ENABLE_DEBUG_INFO = YES;
				ONLY_ACTIVE_ARCH = YES;
				SDKROOT = iphoneos;
			};
			name = Debug;
		};
		8C8C5A3A1DD2E91F001EAA16 /* Release */ = {
			isa = XCBuildConfiguration;
			buildSettings = {
				ALWAYS_SEARCH_USER_PATHS = NO;
				CLANG_ANALYZER_NONNULL = YES;
				CLANG_CXX_LANGUAGE_STANDARD = "gnu++0x";
				CLANG_CXX_LIBRARY = "libc++";
				CLANG_ENABLE_MODULES = YES;
				CLANG_ENABLE_OBJC_ARC = YES;
				CLANG_WARN_BOOL_CONVERSION = YES;
				CLANG_WARN_CONSTANT_CONVERSION = YES;
				CLANG_WARN_DIRECT_OBJC_ISA_USAGE = YES_ERROR;
				CLANG_WARN_DOCUMENTATION_COMMENTS = YES;
				CLANG_WARN_EMPTY_BODY = YES;
				CLANG_WARN_ENUM_CONVERSION = YES;
				CLANG_WARN_INFINITE_RECURSION = YES;
				CLANG_WARN_INT_CONVERSION = YES;
				CLANG_WARN_OBJC_ROOT_CLASS = YES_ERROR;
				CLANG_WARN_SUSPICIOUS_MOVES = YES;
				CLANG_WARN_UNREACHABLE_CODE = YES;
				CLANG_WARN__DUPLICATE_METHOD_MATCH = YES;
				"CODE_SIGN_IDENTITY[sdk=iphoneos*]" = "iPhone Developer";
				COPY_PHASE_STRIP = NO;
				DEBUG_INFORMATION_FORMAT = "dwarf-with-dsym";
				ENABLE_NS_ASSERTIONS = NO;
				ENABLE_STRICT_OBJC_MSGSEND = YES;
				GCC_C_LANGUAGE_STANDARD = gnu99;
				GCC_NO_COMMON_BLOCKS = YES;
				GCC_WARN_64_TO_32_BIT_CONVERSION = YES;
				GCC_WARN_ABOUT_RETURN_TYPE = YES_ERROR;
				GCC_WARN_UNDECLARED_SELECTOR = YES;
				GCC_WARN_UNINITIALIZED_AUTOS = YES_AGGRESSIVE;
				GCC_WARN_UNUSED_FUNCTION = YES;
				GCC_WARN_UNUSED_VARIABLE = YES;
				IPHONEOS_DEPLOYMENT_TARGET = 10.0;
				MTL_ENABLE_DEBUG_INFO = NO;
				SDKROOT = iphoneos;
				VALIDATE_PRODUCT = YES;
			};
			name = Release;
		};
		8C8C5A3C1DD2E91F001EAA16 /* Debug */ = {
			isa = XCBuildConfiguration;
			baseConfigurationReference = D9BD94547AFC2169F2BB1C50 /* Pods-TongjiSchoolBus.debug.xcconfig */;
			buildSettings = {
				ASSETCATALOG_COMPILER_APPICON_NAME = AppIcon;
				INFOPLIST_FILE = TongjiSchoolBus/Info.plist;
				LD_RUNPATH_SEARCH_PATHS = "$(inherited) @executable_path/Frameworks";
				PRODUCT_BUNDLE_IDENTIFIER = Leppard.TongjiSchoolBus;
				PRODUCT_NAME = "$(TARGET_NAME)";
			};
			name = Debug;
		};
		8C8C5A3D1DD2E91F001EAA16 /* Release */ = {
			isa = XCBuildConfiguration;
			baseConfigurationReference = FDE48518217CC528440637BE /* Pods-TongjiSchoolBus.release.xcconfig */;
			buildSettings = {
				ASSETCATALOG_COMPILER_APPICON_NAME = AppIcon;
				INFOPLIST_FILE = TongjiSchoolBus/Info.plist;
				LD_RUNPATH_SEARCH_PATHS = "$(inherited) @executable_path/Frameworks";
				PRODUCT_BUNDLE_IDENTIFIER = Leppard.TongjiSchoolBus;
				PRODUCT_NAME = "$(TARGET_NAME)";
			};
			name = Release;
		};
/* End XCBuildConfiguration section */

/* Begin XCConfigurationList section */
		8C8C5A1F1DD2E91E001EAA16 /* Build configuration list for PBXProject "TongjiSchoolBus" */ = {
			isa = XCConfigurationList;
			buildConfigurations = (
				8C8C5A391DD2E91F001EAA16 /* Debug */,
				8C8C5A3A1DD2E91F001EAA16 /* Release */,
			);
			defaultConfigurationIsVisible = 0;
			defaultConfigurationName = Release;
		};
		8C8C5A3B1DD2E91F001EAA16 /* Build configuration list for PBXNativeTarget "TongjiSchoolBus" */ = {
			isa = XCConfigurationList;
			buildConfigurations = (
				8C8C5A3C1DD2E91F001EAA16 /* Debug */,
				8C8C5A3D1DD2E91F001EAA16 /* Release */,
			);
			defaultConfigurationIsVisible = 0;
			defaultConfigurationName = Release;
		};
/* End XCConfigurationList section */
	};
	rootObject = 8C8C5A1C1DD2E91E001EAA16 /* Project object */;
}
